
Microsoft Visual Studio Solution File, Format Version 12.00
# Visual Studio Version 17
VisualStudioVersion = 17.14.35906.104 d17.14
MinimumVisualStudioVersion = 10.0.40219.1
Project("{FAE04EC0-301F-11D3-BF4B-00C04F79EFBC}") = "WasmAI.ASG", "WasmAI.ASG.csproj", "{C45E3E25-BA09-46A3-A5EB-73A8E43F4CA9}"
EndProject
Global
	GlobalSection(SolutionConfigurationPlatforms) = preSolution
		Debug|Any CPU = Debug|Any CPU
		Release|Any CPU = Release|Any CPU
	EndGlobalSection
	GlobalSection(ProjectConfigurationPlatforms) = postSolution
		{C45E3E25-BA09-46A3-A5EB-73A8E43F4CA9}.Debug|Any CPU.ActiveCfg = Debug|Any CPU
		{C45E3E25-BA09-46A3-A5EB-73A8E43F4CA9}.Debug|Any CPU.Build.0 = Debug|Any CPU
		{C45E3E25-BA09-46A3-A5EB-73A8E43F4CA9}.Release|Any CPU.ActiveCfg = Release|Any CPU
		{C45E3E25-BA09-46A3-A5EB-73A8E43F4CA9}.Release|Any CPU.Build.0 = Release|Any CPU
	EndGlobalSection
	GlobalSection(SolutionProperties) = preSolution
		HideSolutionNode = FALSE
	EndGlobalSection
	GlobalSection(ExtensibilityGlobals) = postSolution
		SolutionGuid = {359C18C4-025B-4B95-9507-35FE45F2B838}
	EndGlobalSection
EndGlobal
